
Microsoft Visual Studio Solution File, Format Version 12.00
# Visual Studio Version 17
VisualStudioVersion = 17.11.35208.52
MinimumVisualStudioVersion = 10.0.40219.1
Project("{FAE04EC0-301F-11D3-BF4B-00C04F79EFBC}") = "TaskStar.Dt98DbContext", "Dt98DbContext\TaskStar.Dt98DbContext.csproj", "{227EFE2D-E24A-4C8C-A146-EA79F3083A88}"
EndProject
Global
	GlobalSection(SolutionConfigurationPlatforms) = preSolution
		Debug|Any CPU = Debug|Any CPU
		Release|Any CPU = Release|Any CPU
	EndGlobalSection
	GlobalSection(ProjectConfigurationPlatforms) = postSolution
		{227EFE2D-E24A-4C8C-A146-EA79F3083A88}.Debug|Any CPU.ActiveCfg = Debug|Any CPU
		{227EFE2D-E24A-4C8C-A146-EA79F3083A88}.Debug|Any CPU.Build.0 = Debug|Any CPU
		{227EFE2D-E24A-4C8C-A146-EA79F3083A88}.Release|Any CPU.ActiveCfg = Release|Any CPU
		{227EFE2D-E24A-4C8C-A146-EA79F3083A88}.Release|Any CPU.Build.0 = Release|Any CPU
	EndGlobalSection
	GlobalSection(SolutionProperties) = preSolution
		HideSolutionNode = FALSE
	EndGlobalSection
	GlobalSection(ExtensibilityGlobals) = postSolution
		SolutionGuid = {13B95593-C7BA-42FD-8F5B-6F9B1ABE5115}
	EndGlobalSection
EndGlobal
