
Microsoft Visual Studio Solution File, Format Version 12.00
# Visual Studio Version 17
VisualStudioVersion = 17.14.36811.4 d17.14
MinimumVisualStudioVersion = 10.0.40219.1
Project("{FAE04EC0-301F-11D3-BF4B-00C04F79EFBC}") = "TaskStar.Dt98DbContext.NETTests", "TaskStar.Dt98DbContext.NETTests\TaskStar.Dt98DbContext.NETTests.csproj", "{CD67A479-227A-3A61-9AB4-8FB50359A897}"
EndProject
Global
	GlobalSection(SolutionConfigurationPlatforms) = preSolution
		Debug|Any CPU = Debug|Any CPU
		Debug|x86 = Debug|x86
		Release|Any CPU = Release|Any CPU
		Release|x86 = Release|x86
	EndGlobalSection
	GlobalSection(ProjectConfigurationPlatforms) = postSolution
		{CD67A479-227A-3A61-9AB4-8FB50359A897}.Debug|Any CPU.ActiveCfg = Debug|Any CPU
		{CD67A479-227A-3A61-9AB4-8FB50359A897}.Debug|Any CPU.Build.0 = Debug|Any CPU
		{CD67A479-227A-3A61-9AB4-8FB50359A897}.Debug|x86.ActiveCfg = Debug|x86
		{CD67A479-227A-3A61-9AB4-8FB50359A897}.Debug|x86.Build.0 = Debug|x86
		{CD67A479-227A-3A61-9AB4-8FB50359A897}.Release|Any CPU.ActiveCfg = Release|Any CPU
		{CD67A479-227A-3A61-9AB4-8FB50359A897}.Release|Any CPU.Build.0 = Release|Any CPU
		{CD67A479-227A-3A61-9AB4-8FB50359A897}.Release|x86.ActiveCfg = Release|x86
		{CD67A479-227A-3A61-9AB4-8FB50359A897}.Release|x86.Build.0 = Release|x86
	EndGlobalSection
	GlobalSection(SolutionProperties) = preSolution
		HideSolutionNode = FALSE
	EndGlobalSection
	GlobalSection(ExtensibilityGlobals) = postSolution
		SolutionGuid = {4123F3E1-6D4F-4C98-826E-064E95787042}
	EndGlobalSection
EndGlobal
